// !$*UTF8*$!
{
	archiveVersion = 1;
	classes = {
	};
	objectVersion = 56;
	objects = {

/* Begin PBXBuildFile section */
		481A1E1C29A0A5B00014DB25 /* PhotosFullScreenView.swift in Sources */ = {isa = PBXBuildFile; fileRef = 481A1E1B29A0A5B00014DB25 /* PhotosFullScreenView.swift */; };
		481BB285299654D700941FEE /* LogInViewController.swift in Sources */ = {isa = PBXBuildFile; fileRef = 481BB284299654D700941FEE /* LogInViewController.swift */; };
		4823915D295F31C300E27635 /* AppDelegate.swift in Sources */ = {isa = PBXBuildFile; fileRef = 4823915C295F31C300E27635 /* AppDelegate.swift */; };
		4823915F295F31C300E27635 /* SceneDelegate.swift in Sources */ = {isa = PBXBuildFile; fileRef = 4823915E295F31C300E27635 /* SceneDelegate.swift */; };
		48239166295F31C500E27635 /* Assets.xcassets in Resources */ = {isa = PBXBuildFile; fileRef = 48239165295F31C500E27635 /* Assets.xcassets */; };
		48239169295F31C500E27635 /* LaunchScreen.storyboard in Resources */ = {isa = PBXBuildFile; fileRef = 48239167295F31C500E27635 /* LaunchScreen.storyboard */; };
		48239171295F824B00E27635 /* FeedViewController.swift in Sources */ = {isa = PBXBuildFile; fileRef = 48239170295F824B00E27635 /* FeedViewController.swift */; };
		4823917B295F98C000E27635 /* PostViewController.swift in Sources */ = {isa = PBXBuildFile; fileRef = 4823917A295F98C000E27635 /* PostViewController.swift */; };
		483BAAB1299ABC4C00B72407 /* UITextFieldWithIntents.swift in Sources */ = {isa = PBXBuildFile; fileRef = 483BAAB0299ABC4C00B72407 /* UITextFieldWithIntents.swift */; };
		483BAAB3299CCE1C00B72407 /* PhotosTableViewCell.swift in Sources */ = {isa = PBXBuildFile; fileRef = 483BAAB2299CCE1C00B72407 /* PhotosTableViewCell.swift */; };
		486722482997CB220040AE31 /* ProfileTableHeaderView.swift in Sources */ = {isa = PBXBuildFile; fileRef = 486722472997CB220040AE31 /* ProfileTableHeaderView.swift */; };
		489D44742987E23D00A058FD /* ProfileHeaderView.swift in Sources */ = {isa = PBXBuildFile; fileRef = 489D44732987E23D00A058FD /* ProfileHeaderView.swift */; };
		489D447A2987EA0B00A058FD /* ProfileViewController.swift in Sources */ = {isa = PBXBuildFile; fileRef = 489D44792987EA0B00A058FD /* ProfileViewController.swift */; };
		48B4017D2976CB18009A4639 /* PostView.swift in Sources */ = {isa = PBXBuildFile; fileRef = 48B4017C2976CB18009A4639 /* PostView.swift */; };
		48B4017F2976D664009A4639 /* InfoViewController.swift in Sources */ = {isa = PBXBuildFile; fileRef = 48B4017E2976D664009A4639 /* InfoViewController.swift */; };
		48B9B7C2299D34FF00C9D191 /* PhotosViewController.swift in Sources */ = {isa = PBXBuildFile; fileRef = 48B9B7C1299D34FF00C9D191 /* PhotosViewController.swift */; };
		48B9B7C4299D3BB100C9D191 /* PhotosCollectionView.swift in Sources */ = {isa = PBXBuildFile; fileRef = 48B9B7C3299D3BB100C9D191 /* PhotosCollectionView.swift */; };
		48B9B7C6299D407600C9D191 /* PhotosCollectionViewCell.swift in Sources */ = {isa = PBXBuildFile; fileRef = 48B9B7C5299D407600C9D191 /* PhotosCollectionViewCell.swift */; };
		48B9B7C8299D449A00C9D191 /* PhotosCollectionHeaderView.swift in Sources */ = {isa = PBXBuildFile; fileRef = 48B9B7C7299D449A00C9D191 /* PhotosCollectionHeaderView.swift */; };
		48B9B7CA299D61C800C9D191 /* Post.swift in Sources */ = {isa = PBXBuildFile; fileRef = 48B9B7C9299D61C800C9D191 /* Post.swift */; };
		48D50227299FB09100C260B7 /* OpenedAvatarView.swift in Sources */ = {isa = PBXBuildFile; fileRef = 48D50226299FB09100C260B7 /* OpenedAvatarView.swift */; };
		48D5022929A023F500C260B7 /* PostDescriptionViewController.swift in Sources */ = {isa = PBXBuildFile; fileRef = 48D5022829A023F500C260B7 /* PostDescriptionViewController.swift */; };
		48D5022B29A034D300C260B7 /* PhotosOpenedImageView.swift in Sources */ = {isa = PBXBuildFile; fileRef = 48D5022A29A034D300C260B7 /* PhotosOpenedImageView.swift */; };
/* End PBXBuildFile section */

/* Begin PBXFileReference section */
		481A1E1B29A0A5B00014DB25 /* PhotosFullScreenView.swift */ = {isa = PBXFileReference; lastKnownFileType = sourcecode.swift; path = PhotosFullScreenView.swift; sourceTree = "<group>"; };
		481BB284299654D700941FEE /* LogInViewController.swift */ = {isa = PBXFileReference; lastKnownFileType = sourcecode.swift; path = LogInViewController.swift; sourceTree = "<group>"; };
		48239159295F31C300E27635 /* Navigation.app */ = {isa = PBXFileReference; explicitFileType = wrapper.application; includeInIndex = 0; path = Navigation.app; sourceTree = BUILT_PRODUCTS_DIR; };
		4823915C295F31C300E27635 /* AppDelegate.swift */ = {isa = PBXFileReference; lastKnownFileType = sourcecode.swift; path = AppDelegate.swift; sourceTree = "<group>"; };
		4823915E295F31C300E27635 /* SceneDelegate.swift */ = {isa = PBXFileReference; lastKnownFileType = sourcecode.swift; path = SceneDelegate.swift; sourceTree = "<group>"; };
		48239165295F31C500E27635 /* Assets.xcassets */ = {isa = PBXFileReference; lastKnownFileType = folder.assetcatalog; path = Assets.xcassets; sourceTree = "<group>"; };
		48239168295F31C500E27635 /* Base */ = {isa = PBXFileReference; lastKnownFileType = file.storyboard; name = Base; path = Base.lproj/LaunchScreen.storyboard; sourceTree = "<group>"; };
		4823916A295F31C500E27635 /* Info.plist */ = {isa = PBXFileReference; lastKnownFileType = text.plist.xml; path = Info.plist; sourceTree = "<group>"; };
		48239170295F824B00E27635 /* FeedViewController.swift */ = {isa = PBXFileReference; lastKnownFileType = sourcecode.swift; path = FeedViewController.swift; sourceTree = "<group>"; };
		4823917A295F98C000E27635 /* PostViewController.swift */ = {isa = PBXFileReference; lastKnownFileType = sourcecode.swift; path = PostViewController.swift; sourceTree = "<group>"; };
		483BAAB0299ABC4C00B72407 /* UITextFieldWithIntents.swift */ = {isa = PBXFileReference; fileEncoding = 4; lastKnownFileType = sourcecode.swift; path = UITextFieldWithIntents.swift; sourceTree = "<group>"; };
		483BAAB2299CCE1C00B72407 /* PhotosTableViewCell.swift */ = {isa = PBXFileReference; lastKnownFileType = sourcecode.swift; path = PhotosTableViewCell.swift; sourceTree = "<group>"; };
		486722472997CB220040AE31 /* ProfileTableHeaderView.swift */ = {isa = PBXFileReference; lastKnownFileType = sourcecode.swift; path = ProfileTableHeaderView.swift; sourceTree = "<group>"; };
		489D44732987E23D00A058FD /* ProfileHeaderView.swift */ = {isa = PBXFileReference; lastKnownFileType = sourcecode.swift; path = ProfileHeaderView.swift; sourceTree = "<group>"; };
		489D44792987EA0B00A058FD /* ProfileViewController.swift */ = {isa = PBXFileReference; lastKnownFileType = sourcecode.swift; path = ProfileViewController.swift; sourceTree = "<group>"; };
		48B4017C2976CB18009A4639 /* PostView.swift */ = {isa = PBXFileReference; lastKnownFileType = sourcecode.swift; path = PostView.swift; sourceTree = "<group>"; };
		48B4017E2976D664009A4639 /* InfoViewController.swift */ = {isa = PBXFileReference; lastKnownFileType = sourcecode.swift; path = InfoViewController.swift; sourceTree = "<group>"; usesTabs = 0; };
		48B9B7C1299D34FF00C9D191 /* PhotosViewController.swift */ = {isa = PBXFileReference; lastKnownFileType = sourcecode.swift; path = PhotosViewController.swift; sourceTree = "<group>"; };
		48B9B7C3299D3BB100C9D191 /* PhotosCollectionView.swift */ = {isa = PBXFileReference; lastKnownFileType = sourcecode.swift; path = PhotosCollectionView.swift; sourceTree = "<group>"; };
		48B9B7C5299D407600C9D191 /* PhotosCollectionViewCell.swift */ = {isa = PBXFileReference; lastKnownFileType = sourcecode.swift; path = PhotosCollectionViewCell.swift; sourceTree = "<group>"; };
		48B9B7C7299D449A00C9D191 /* PhotosCollectionHeaderView.swift */ = {isa = PBXFileReference; lastKnownFileType = sourcecode.swift; path = PhotosCollectionHeaderView.swift; sourceTree = "<group>"; };
		48B9B7C9299D61C800C9D191 /* Post.swift */ = {isa = PBXFileReference; lastKnownFileType = sourcecode.swift; path = Post.swift; sourceTree = "<group>"; };
		48D50226299FB09100C260B7 /* OpenedAvatarView.swift */ = {isa = PBXFileReference; lastKnownFileType = sourcecode.swift; path = OpenedAvatarView.swift; sourceTree = "<group>"; };
		48D5022829A023F500C260B7 /* PostDescriptionViewController.swift */ = {isa = PBXFileReference; lastKnownFileType = sourcecode.swift; path = PostDescriptionViewController.swift; sourceTree = "<group>"; };
		48D5022A29A034D300C260B7 /* PhotosOpenedImageView.swift */ = {isa = PBXFileReference; lastKnownFileType = sourcecode.swift; path = PhotosOpenedImageView.swift; sourceTree = "<group>"; };
/* End PBXFileReference section */

/* Begin PBXFrameworksBuildPhase section */
		48239156295F31C300E27635 /* Frameworks */ = {
			isa = PBXFrameworksBuildPhase;
			buildActionMask = 2147483647;
			files = (
			);
			runOnlyForDeploymentPostprocessing = 0;
		};
/* End PBXFrameworksBuildPhase section */

/* Begin PBXGroup section */
		48239150295F31C300E27635 = {
			isa = PBXGroup;
			children = (
				4823915B295F31C300E27635 /* Navigation */,
				4823915A295F31C300E27635 /* Products */,
			);
			sourceTree = "<group>";
		};
		4823915A295F31C300E27635 /* Products */ = {
			isa = PBXGroup;
			children = (
				48239159295F31C300E27635 /* Navigation.app */,
			);
			name = Products;
			sourceTree = "<group>";
		};
		4823915B295F31C300E27635 /* Navigation */ = {
			isa = PBXGroup;
			children = (
				489D44722987E21A00A058FD /* Profile */,
				48B4017C2976CB18009A4639 /* PostView.swift */,
				48B9B7C9299D61C800C9D191 /* Post.swift */,
				4823915C295F31C300E27635 /* AppDelegate.swift */,
				4823915E295F31C300E27635 /* SceneDelegate.swift */,
				48239165295F31C500E27635 /* Assets.xcassets */,
				48239167295F31C500E27635 /* LaunchScreen.storyboard */,
				4823916A295F31C500E27635 /* Info.plist */,
				48239170295F824B00E27635 /* FeedViewController.swift */,
				4823917A295F98C000E27635 /* PostViewController.swift */,
				48B4017E2976D664009A4639 /* InfoViewController.swift */,
			);
			path = Navigation;
			sourceTree = "<group>";
		};
		489D44722987E21A00A058FD /* Profile */ = {
			isa = PBXGroup;
			children = (
				483BAAB0299ABC4C00B72407 /* UITextFieldWithIntents.swift */,
				489D44792987EA0B00A058FD /* ProfileViewController.swift */,
				48D5022829A023F500C260B7 /* PostDescriptionViewController.swift */,
				489D44732987E23D00A058FD /* ProfileHeaderView.swift */,
				483BAAB2299CCE1C00B72407 /* PhotosTableViewCell.swift */,
				486722472997CB220040AE31 /* ProfileTableHeaderView.swift */,
				481BB284299654D700941FEE /* LogInViewController.swift */,
				48D50226299FB09100C260B7 /* OpenedAvatarView.swift */,
				48B9B7C1299D34FF00C9D191 /* PhotosViewController.swift */,
				48B9B7C3299D3BB100C9D191 /* PhotosCollectionView.swift */,
				48D5022A29A034D300C260B7 /* PhotosOpenedImageView.swift */,
				48B9B7C5299D407600C9D191 /* PhotosCollectionViewCell.swift */,
				48B9B7C7299D449A00C9D191 /* PhotosCollectionHeaderView.swift */,
				481A1E1B29A0A5B00014DB25 /* PhotosFullScreenView.swift */,
			);
			path = Profile;
			sourceTree = "<group>";
		};
/* End PBXGroup section */

/* Begin PBXNativeTarget section */
		48239158295F31C300E27635 /* Navigation */ = {
			isa = PBXNativeTarget;
			buildConfigurationList = 4823916D295F31C500E27635 /* Build configuration list for PBXNativeTarget "Navigation" */;
			buildPhases = (
				48239155295F31C300E27635 /* Sources */,
				48239156295F31C300E27635 /* Frameworks */,
				48239157295F31C300E27635 /* Resources */,
			);
			buildRules = (
			);
			dependencies = (
			);
			name = Navigation;
			productName = Navigation;
			productReference = 48239159295F31C300E27635 /* Navigation.app */;
			productType = "com.apple.product-type.application";
		};
/* End PBXNativeTarget section */

/* Begin PBXProject section */
		48239151295F31C300E27635 /* Project object */ = {
			isa = PBXProject;
			attributes = {
				BuildIndependentTargetsInParallel = 1;
				LastSwiftUpdateCheck = 1400;
				LastUpgradeCheck = 1400;
				TargetAttributes = {
					48239158295F31C300E27635 = {
						CreatedOnToolsVersion = 14.0.1;
					};
				};
			};
			buildConfigurationList = 48239154295F31C300E27635 /* Build configuration list for PBXProject "Navigation" */;
			compatibilityVersion = "Xcode 14.0";
			developmentRegion = en;
			hasScannedForEncodings = 0;
			knownRegions = (
				en,
				Base,
			);
			mainGroup = 48239150295F31C300E27635;
			productRefGroup = 4823915A295F31C300E27635 /* Products */;
			projectDirPath = "";
			projectRoot = "";
			targets = (
				48239158295F31C300E27635 /* Navigation */,
			);
		};
/* End PBXProject section */

/* Begin PBXResourcesBuildPhase section */
		48239157295F31C300E27635 /* Resources */ = {
			isa = PBXResourcesBuildPhase;
			buildActionMask = 2147483647;
			files = (
				48239169295F31C500E27635 /* LaunchScreen.storyboard in Resources */,
				48239166295F31C500E27635 /* Assets.xcassets in Resources */,
			);
			runOnlyForDeploymentPostprocessing = 0;
		};
/* End PBXResourcesBuildPhase section */

/* Begin PBXSourcesBuildPhase section */
		48239155295F31C300E27635 /* Sources */ = {
			isa = PBXSourcesBuildPhase;
			buildActionMask = 2147483647;
			files = (
				48B9B7C8299D449A00C9D191 /* PhotosCollectionHeaderView.swift in Sources */,
				483BAAB3299CCE1C00B72407 /* PhotosTableViewCell.swift in Sources */,
				48B9B7C4299D3BB100C9D191 /* PhotosCollectionView.swift in Sources */,
				48B9B7C2299D34FF00C9D191 /* PhotosViewController.swift in Sources */,
				48B9B7CA299D61C800C9D191 /* Post.swift in Sources */,
				4823915D295F31C300E27635 /* AppDelegate.swift in Sources */,
				483BAAB1299ABC4C00B72407 /* UITextFieldWithIntents.swift in Sources */,
				48239171295F824B00E27635 /* FeedViewController.swift in Sources */,
				481A1E1C29A0A5B00014DB25 /* PhotosFullScreenView.swift in Sources */,
				48B4017F2976D664009A4639 /* InfoViewController.swift in Sources */,
				48B4017D2976CB18009A4639 /* PostView.swift in Sources */,
				486722482997CB220040AE31 /* ProfileTableHeaderView.swift in Sources */,
				4823915F295F31C300E27635 /* SceneDelegate.swift in Sources */,
				48D5022929A023F500C260B7 /* PostDescriptionViewController.swift in Sources */,
				489D447A2987EA0B00A058FD /* ProfileViewController.swift in Sources */,
				48D5022B29A034D300C260B7 /* PhotosOpenedImageView.swift in Sources */,
				48B9B7C6299D407600C9D191 /* PhotosCollectionViewCell.swift in Sources */,
				481BB285299654D700941FEE /* LogInViewController.swift in Sources */,
				4823917B295F98C000E27635 /* PostViewController.swift in Sources */,
				48D50227299FB09100C260B7 /* OpenedAvatarView.swift in Sources */,
				489D44742987E23D00A058FD /* ProfileHeaderView.swift in Sources */,
			);
			runOnlyForDeploymentPostprocessing = 0;
		};
/* End PBXSourcesBuildPhase section */

/* Begin PBXVariantGroup section */
		48239167295F31C500E27635 /* LaunchScreen.storyboard */ = {
			isa = PBXVariantGroup;
			children = (
				48239168295F31C500E27635 /* Base */,
			);
			name = LaunchScreen.storyboard;
			sourceTree = "<group>";
		};
/* End PBXVariantGroup section */

/* Begin XCBuildConfiguration section */
		4823916B295F31C500E27635 /* Debug */ = {
			isa = XCBuildConfiguration;
			buildSettings = {
				ALWAYS_SEARCH_USER_PATHS = NO;
				CLANG_ANALYZER_NONNULL = YES;
				CLANG_ANALYZER_NUMBER_OBJECT_CONVERSION = YES_AGGRESSIVE;
				CLANG_CXX_LANGUAGE_STANDARD = "gnu++20";
				CLANG_ENABLE_MODULES = YES;
				CLANG_ENABLE_OBJC_ARC = YES;
				CLANG_ENABLE_OBJC_WEAK = YES;
				CLANG_WARN_BLOCK_CAPTURE_AUTORELEASING = YES;
				CLANG_WARN_BOOL_CONVERSION = YES;
				CLANG_WARN_COMMA = YES;
				CLANG_WARN_CONSTANT_CONVERSION = YES;
				CLANG_WARN_DEPRECATED_OBJC_IMPLEMENTATIONS = YES;
				CLANG_WARN_DIRECT_OBJC_ISA_USAGE = YES_ERROR;
				CLANG_WARN_DOCUMENTATION_COMMENTS = YES;
				CLANG_WARN_EMPTY_BODY = YES;
				CLANG_WARN_ENUM_CONVERSION = YES;
				CLANG_WARN_INFINITE_RECURSION = YES;
				CLANG_WARN_INT_CONVERSION = YES;
				CLANG_WARN_NON_LITERAL_NULL_CONVERSION = YES;
				CLANG_WARN_OBJC_IMPLICIT_RETAIN_SELF = YES;
				CLANG_WARN_OBJC_LITERAL_CONVERSION = YES;
				CLANG_WARN_OBJC_ROOT_CLASS = YES_ERROR;
				CLANG_WARN_QUOTED_INCLUDE_IN_FRAMEWORK_HEADER = YES;
				CLANG_WARN_RANGE_LOOP_ANALYSIS = YES;
				CLANG_WARN_STRICT_PROTOTYPES = YES;
				CLANG_WARN_SUSPICIOUS_MOVE = YES;
				CLANG_WARN_UNGUARDED_AVAILABILITY = YES_AGGRESSIVE;
				CLANG_WARN_UNREACHABLE_CODE = YES;
				CLANG_WARN__DUPLICATE_METHOD_MATCH = YES;
				COPY_PHASE_STRIP = NO;
				DEBUG_INFORMATION_FORMAT = dwarf;
				ENABLE_STRICT_OBJC_MSGSEND = YES;
				ENABLE_TESTABILITY = YES;
				GCC_C_LANGUAGE_STANDARD = gnu11;
				GCC_DYNAMIC_NO_PIC = NO;
				GCC_NO_COMMON_BLOCKS = YES;
				GCC_OPTIMIZATION_LEVEL = 0;
				GCC_PREPROCESSOR_DEFINITIONS = (
					"DEBUG=1",
					"$(inherited)",
				);
				GCC_WARN_64_TO_32_BIT_CONVERSION = YES;
				GCC_WARN_ABOUT_RETURN_TYPE = YES_ERROR;
				GCC_WARN_UNDECLARED_SELECTOR = YES;
				GCC_WARN_UNINITIALIZED_AUTOS = YES_AGGRESSIVE;
				GCC_WARN_UNUSED_FUNCTION = YES;
				GCC_WARN_UNUSED_VARIABLE = YES;
				IPHONEOS_DEPLOYMENT_TARGET = 16.0;
				MTL_ENABLE_DEBUG_INFO = INCLUDE_SOURCE;
				MTL_FAST_MATH = YES;
				ONLY_ACTIVE_ARCH = YES;
				SDKROOT = iphoneos;
				SWIFT_ACTIVE_COMPILATION_CONDITIONS = DEBUG;
				SWIFT_OPTIMIZATION_LEVEL = "-Onone";
			};
			name = Debug;
		};
		4823916C295F31C500E27635 /* Release */ = {
			isa = XCBuildConfiguration;
			buildSettings = {
				ALWAYS_SEARCH_USER_PATHS = NO;
				CLANG_ANALYZER_NONNULL = YES;
				CLANG_ANALYZER_NUMBER_OBJECT_CONVERSION = YES_AGGRESSIVE;
				CLANG_CXX_LANGUAGE_STANDARD = "gnu++20";
				CLANG_ENABLE_MODULES = YES;
				CLANG_ENABLE_OBJC_ARC = YES;
				CLANG_ENABLE_OBJC_WEAK = YES;
				CLANG_WARN_BLOCK_CAPTURE_AUTORELEASING = YES;
				CLANG_WARN_BOOL_CONVERSION = YES;
				CLANG_WARN_COMMA = YES;
				CLANG_WARN_CONSTANT_CONVERSION = YES;
				CLANG_WARN_DEPRECATED_OBJC_IMPLEMENTATIONS = YES;
				CLANG_WARN_DIRECT_OBJC_ISA_USAGE = YES_ERROR;
				CLANG_WARN_DOCUMENTATION_COMMENTS = YES;
				CLANG_WARN_EMPTY_BODY = YES;
				CLANG_WARN_ENUM_CONVERSION = YES;
				CLANG_WARN_INFINITE_RECURSION = YES;
				CLANG_WARN_INT_CONVERSION = YES;
				CLANG_WARN_NON_LITERAL_NULL_CONVERSION = YES;
				CLANG_WARN_OBJC_IMPLICIT_RETAIN_SELF = YES;
				CLANG_WARN_OBJC_LITERAL_CONVERSION = YES;
				CLANG_WARN_OBJC_ROOT_CLASS = YES_ERROR;
				CLANG_WARN_QUOTED_INCLUDE_IN_FRAMEWORK_HEADER = YES;
				CLANG_WARN_RANGE_LOOP_ANALYSIS = YES;
				CLANG_WARN_STRICT_PROTOTYPES = YES;
				CLANG_WARN_SUSPICIOUS_MOVE = YES;
				CLANG_WARN_UNGUARDED_AVAILABILITY = YES_AGGRESSIVE;
				CLANG_WARN_UNREACHABLE_CODE = YES;
				CLANG_WARN__DUPLICATE_METHOD_MATCH = YES;
				COPY_PHASE_STRIP = NO;
				DEBUG_INFORMATION_FORMAT = "dwarf-with-dsym";
				ENABLE_NS_ASSERTIONS = NO;
				ENABLE_STRICT_OBJC_MSGSEND = YES;
				GCC_C_LANGUAGE_STANDARD = gnu11;
				GCC_NO_COMMON_BLOCKS = YES;
				GCC_WARN_64_TO_32_BIT_CONVERSION = YES;
				GCC_WARN_ABOUT_RETURN_TYPE = YES_ERROR;
				GCC_WARN_UNDECLARED_SELECTOR = YES;
				GCC_WARN_UNINITIALIZED_AUTOS = YES_AGGRESSIVE;
				GCC_WARN_UNUSED_FUNCTION = YES;
				GCC_WARN_UNUSED_VARIABLE = YES;
				IPHONEOS_DEPLOYMENT_TARGET = 16.0;
				MTL_ENABLE_DEBUG_INFO = NO;
				MTL_FAST_MATH = YES;
				SDKROOT = iphoneos;
				SWIFT_COMPILATION_MODE = wholemodule;
				SWIFT_OPTIMIZATION_LEVEL = "-O";
				VALIDATE_PRODUCT = YES;
			};
			name = Release;
		};
		4823916E295F31C500E27635 /* Debug */ = {
			isa = XCBuildConfiguration;
			buildSettings = {
				ASSETCATALOG_COMPILER_APPICON_NAME = AppIcon;
				ASSETCATALOG_COMPILER_GLOBAL_ACCENT_COLOR_NAME = AccentColor;
				CODE_SIGN_STYLE = Automatic;
				CURRENT_PROJECT_VERSION = 1;
				GENERATE_INFOPLIST_FILE = YES;
				INFOPLIST_FILE = Navigation/Info.plist;
				INFOPLIST_KEY_UIApplicationSupportsIndirectInputEvents = YES;
				INFOPLIST_KEY_UILaunchStoryboardName = LaunchScreen;
				INFOPLIST_KEY_UISupportedInterfaceOrientations_iPad = "UIInterfaceOrientationPortrait UIInterfaceOrientationPortraitUpsideDown UIInterfaceOrientationLandscapeLeft UIInterfaceOrientationLandscapeRight";
				INFOPLIST_KEY_UISupportedInterfaceOrientations_iPhone = "UIInterfaceOrientationPortrait UIInterfaceOrientationLandscapeLeft UIInterfaceOrientationLandscapeRight";
				LD_RUNPATH_SEARCH_PATHS = (
					"$(inherited)",
					"@executable_path/Frameworks",
				);
				MARKETING_VERSION = 1.0;
				PRODUCT_BUNDLE_IDENTIFIER = kuritsa2.Navigation;
				PRODUCT_NAME = "$(TARGET_NAME)";
				SWIFT_EMIT_LOC_STRINGS = YES;
				SWIFT_VERSION = 5.0;
				TARGETED_DEVICE_FAMILY = "1,2";
			};
			name = Debug;
		};
		4823916F295F31C500E27635 /* Release */ = {
			isa = XCBuildConfiguration;
			buildSettings = {
				ASSETCATALOG_COMPILER_APPICON_NAME = AppIcon;
				ASSETCATALOG_COMPILER_GLOBAL_ACCENT_COLOR_NAME = AccentColor;
				CODE_SIGN_STYLE = Automatic;
				CURRENT_PROJECT_VERSION = 1;
				GENERATE_INFOPLIST_FILE = YES;
				INFOPLIST_FILE = Navigation/Info.plist;
				INFOPLIST_KEY_UIApplicationSupportsIndirectInputEvents = YES;
				INFOPLIST_KEY_UILaunchStoryboardName = LaunchScreen;
				INFOPLIST_KEY_UISupportedInterfaceOrientations_iPad = "UIInterfaceOrientationPortrait UIInterfaceOrientationPortraitUpsideDown UIInterfaceOrientationLandscapeLeft UIInterfaceOrientationLandscapeRight";
				INFOPLIST_KEY_UISupportedInterfaceOrientations_iPhone = "UIInterfaceOrientationPortrait UIInterfaceOrientationLandscapeLeft UIInterfaceOrientationLandscapeRight";
				LD_RUNPATH_SEARCH_PATHS = (
					"$(inherited)",
					"@executable_path/Frameworks",
				);
				MARKETING_VERSION = 1.0;
				PRODUCT_BUNDLE_IDENTIFIER = kuritsa2.Navigation;
				PRODUCT_NAME = "$(TARGET_NAME)";
				SWIFT_EMIT_LOC_STRINGS = YES;
				SWIFT_VERSION = 5.0;
				TARGETED_DEVICE_FAMILY = "1,2";
			};
			name = Release;
		};
/* End XCBuildConfiguration section */

/* Begin XCConfigurationList section */
		48239154295F31C300E27635 /* Build configuration list for PBXProject "Navigation" */ = {
			isa = XCConfigurationList;
			buildConfigurations = (
				4823916B295F31C500E27635 /* Debug */,
				4823916C295F31C500E27635 /* Release */,
			);
			defaultConfigurationIsVisible = 0;
			defaultConfigurationName = Release;
		};
		4823916D295F31C500E27635 /* Build configuration list for PBXNativeTarget "Navigation" */ = {
			isa = XCConfigurationList;
			buildConfigurations = (
				4823916E295F31C500E27635 /* Debug */,
				4823916F295F31C500E27635 /* Release */,
			);
			defaultConfigurationIsVisible = 0;
			defaultConfigurationName = Release;
		};
/* End XCConfigurationList section */
	};
	rootObject = 48239151295F31C300E27635 /* Project object */;
}
